
Microsoft Visual Studio Solution File, Format Version 12.00
# Visual Studio Version 16
VisualStudioVersion = 16.0.30114.105
MinimumVisualStudioVersion = 10.0.40219.1
Project("{FAE04EC0-301F-11D3-BF4B-00C04F79EFBC}") = "TextEditorGUI", "TextEditorGUI\TextEditorGUI.csproj", "{2CEFC780-5B50-4A8E-A7E3-8052B052F88E}"
EndProject
Global
	GlobalSection(SolutionConfigurationPlatforms) = preSolution
		Debug|Any CPU = Debug|Any CPU
		Release|Any CPU = Release|Any CPU
	EndGlobalSection
	GlobalSection(ProjectConfigurationPlatforms) = postSolution
		{2CEFC780-5B50-4A8E-A7E3-8052B052F88E}.Debug|Any CPU.ActiveCfg = Debug|Any CPU
		{2CEFC780-5B50-4A8E-A7E3-8052B052F88E}.Debug|Any CPU.Build.0 = Debug|Any CPU
		{2CEFC780-5B50-4A8E-A7E3-8052B052F88E}.Release|Any CPU.ActiveCfg = Release|Any CPU
		{2CEFC780-5B50-4A8E-A7E3-8052B052F88E}.Release|Any CPU.Build.0 = Release|Any CPU
	EndGlobalSection
	GlobalSection(SolutionProperties) = preSolution
		HideSolutionNode = FALSE
	EndGlobalSection
	GlobalSection(ExtensibilityGlobals) = postSolution
		SolutionGuid = {D6E6210B-E274-4FDD-9D7A-1012BB54BFE4}
	EndGlobalSection
EndGlobal
